// !$*UTF8*$!
{
	archiveVersion = 1;
	classes = {
	};
	objectVersion = 52;
	objects = {

/* Begin PBXBuildFile section */
		FC596B352635AEAB0096D76A /* Assets.xcassets in Resources */ = {isa = PBXBuildFile; fileRef = FC596B342635AEAB0096D76A /* Assets.xcassets */; };
		FC596B382635AEAB0096D76A /* LaunchScreen.storyboard in Resources */ = {isa = PBXBuildFile; fileRef = FC596B362635AEAB0096D76A /* LaunchScreen.storyboard */; };
		FC596B592635AFC50096D76A /* Map.swift in Sources */ = {isa = PBXBuildFile; fileRef = FC596B422635AFC40096D76A /* Map.swift */; };
		FC596B5A2635AFC50096D76A /* PathFinder.swift in Sources */ = {isa = PBXBuildFile; fileRef = FC596B432635AFC40096D76A /* PathFinder.swift */; };
		FC596B5B2635AFC50096D76A /* Volume.swift in Sources */ = {isa = PBXBuildFile; fileRef = FC596B442635AFC40096D76A /* Volume.swift */; };
		FC596B5D2635AFC50096D76A /* AppDelegate.swift in Sources */ = {isa = PBXBuildFile; fileRef = FC596B462635AFC40096D76A /* AppDelegate.swift */; };
		FC596B5F2635AFC50096D76A /* Controller.swift in Sources */ = {isa = PBXBuildFile; fileRef = FC596B482635AFC40096D76A /* Controller.swift */; };
		FC596B602635AFC50096D76A /* MapBuilder.swift in Sources */ = {isa = PBXBuildFile; fileRef = FC596B492635AFC40096D76A /* MapBuilder.swift */; };
		FC596B612635AFC50096D76A /* Navigator.swift in Sources */ = {isa = PBXBuildFile; fileRef = FC596B4A2635AFC50096D76A /* Navigator.swift */; };
		FC596B622635AFC50096D76A /* Pool.swift in Sources */ = {isa = PBXBuildFile; fileRef = FC596B4B2635AFC50096D76A /* Pool.swift */; };
		FC596B632635AFC50096D76A /* Renderer.swift in Sources */ = {isa = PBXBuildFile; fileRef = FC596B4C2635AFC50096D76A /* Renderer.swift */; };
		FC596B642635AFC50096D76A /* BufferPool.swift in Sources */ = {isa = PBXBuildFile; fileRef = FC596B4D2635AFC50096D76A /* BufferPool.swift */; };
		FC596B652635AFC50096D76A /* FlexibleBuffer.swift in Sources */ = {isa = PBXBuildFile; fileRef = FC596B4E2635AFC50096D76A /* FlexibleBuffer.swift */; };
		FC596B662635AFC50096D76A /* Types.swift in Sources */ = {isa = PBXBuildFile; fileRef = FC596B4F2635AFC50096D76A /* Types.swift */; };
		FC596B672635AFC50096D76A /* Mapper.swift in Sources */ = {isa = PBXBuildFile; fileRef = FC596B502635AFC50096D76A /* Mapper.swift */; };
		FC596B682635AFC50096D76A /* Field.swift in Sources */ = {isa = PBXBuildFile; fileRef = FC596B512635AFC50096D76A /* Field.swift */; };
		FC596B692635AFC50096D76A /* Mutex.swift in Sources */ = {isa = PBXBuildFile; fileRef = FC596B522635AFC50096D76A /* Mutex.swift */; };
		FC596B6B2635AFC50096D76A /* Scanner.swift in Sources */ = {isa = PBXBuildFile; fileRef = FC596B542635AFC50096D76A /* Scanner.swift */; };
		FC596B6C2635AFC50096D76A /* ViewController.swift in Sources */ = {isa = PBXBuildFile; fileRef = FC596B552635AFC50096D76A /* ViewController.swift */; };
		FC596B6D2635AFC50096D76A /* Router.swift in Sources */ = {isa = PBXBuildFile; fileRef = FC596B562635AFC50096D76A /* Router.swift */; };
		FC596B6E2635AFC50096D76A /* SIMDExtensions.swift in Sources */ = {isa = PBXBuildFile; fileRef = FC596B572635AFC50096D76A /* SIMDExtensions.swift */; };
		FC596B722635B0860096D76A /* SwiftMindstorms in Frameworks */ = {isa = PBXBuildFile; productRef = FC596B712635B0860096D76A /* SwiftMindstorms */; };
		FC596B782635B1240096D76A /* PID.swift in Sources */ = {isa = PBXBuildFile; fileRef = FC596B772635B1240096D76A /* PID.swift */; };
		FC596B802635B1EB0096D76A /* README.md in Resources */ = {isa = PBXBuildFile; fileRef = FC596B7F2635B1EB0096D76A /* README.md */; };
		FC596B862636F5CC0096D76A /* Geometry.swift in Sources */ = {isa = PBXBuildFile; fileRef = FC596B852636F5CC0096D76A /* Geometry.swift */; };
/* End PBXBuildFile section */

/* Begin PBXFileReference section */
		FC596B282635AEAA0096D76A /* AutonomousRobot.app */ = {isa = PBXFileReference; explicitFileType = wrapper.application; includeInIndex = 0; path = AutonomousRobot.app; sourceTree = BUILT_PRODUCTS_DIR; };
		FC596B342635AEAB0096D76A /* Assets.xcassets */ = {isa = PBXFileReference; lastKnownFileType = folder.assetcatalog; path = Assets.xcassets; sourceTree = "<group>"; };
		FC596B372635AEAB0096D76A /* Base */ = {isa = PBXFileReference; lastKnownFileType = file.storyboard; name = Base; path = Base.lproj/LaunchScreen.storyboard; sourceTree = "<group>"; };
		FC596B392635AEAB0096D76A /* Info.plist */ = {isa = PBXFileReference; lastKnownFileType = text.plist.xml; path = Info.plist; sourceTree = "<group>"; };
		FC596B422635AFC40096D76A /* Map.swift */ = {isa = PBXFileReference; fileEncoding = 4; lastKnownFileType = sourcecode.swift; path = Map.swift; sourceTree = "<group>"; };
		FC596B432635AFC40096D76A /* PathFinder.swift */ = {isa = PBXFileReference; fileEncoding = 4; lastKnownFileType = sourcecode.swift; path = PathFinder.swift; sourceTree = "<group>"; };
		FC596B442635AFC40096D76A /* Volume.swift */ = {isa = PBXFileReference; fileEncoding = 4; lastKnownFileType = sourcecode.swift; path = Volume.swift; sourceTree = "<group>"; };
		FC596B462635AFC40096D76A /* AppDelegate.swift */ = {isa = PBXFileReference; fileEncoding = 4; lastKnownFileType = sourcecode.swift; path = AppDelegate.swift; sourceTree = "<group>"; };
		FC596B482635AFC40096D76A /* Controller.swift */ = {isa = PBXFileReference; fileEncoding = 4; lastKnownFileType = sourcecode.swift; path = Controller.swift; sourceTree = "<group>"; };
		FC596B492635AFC40096D76A /* MapBuilder.swift */ = {isa = PBXFileReference; fileEncoding = 4; lastKnownFileType = sourcecode.swift; path = MapBuilder.swift; sourceTree = "<group>"; };
		FC596B4A2635AFC50096D76A /* Navigator.swift */ = {isa = PBXFileReference; fileEncoding = 4; lastKnownFileType = sourcecode.swift; path = Navigator.swift; sourceTree = "<group>"; };
		FC596B4B2635AFC50096D76A /* Pool.swift */ = {isa = PBXFileReference; fileEncoding = 4; lastKnownFileType = sourcecode.swift; path = Pool.swift; sourceTree = "<group>"; };
		FC596B4C2635AFC50096D76A /* Renderer.swift */ = {isa = PBXFileReference; fileEncoding = 4; lastKnownFileType = sourcecode.swift; path = Renderer.swift; sourceTree = "<group>"; };
		FC596B4D2635AFC50096D76A /* BufferPool.swift */ = {isa = PBXFileReference; fileEncoding = 4; lastKnownFileType = sourcecode.swift; path = BufferPool.swift; sourceTree = "<group>"; };
		FC596B4E2635AFC50096D76A /* FlexibleBuffer.swift */ = {isa = PBXFileReference; fileEncoding = 4; lastKnownFileType = sourcecode.swift; path = FlexibleBuffer.swift; sourceTree = "<group>"; };
		FC596B4F2635AFC50096D76A /* Types.swift */ = {isa = PBXFileReference; fileEncoding = 4; lastKnownFileType = sourcecode.swift; path = Types.swift; sourceTree = "<group>"; };
		FC596B502635AFC50096D76A /* Mapper.swift */ = {isa = PBXFileReference; fileEncoding = 4; lastKnownFileType = sourcecode.swift; path = Mapper.swift; sourceTree = "<group>"; };
		FC596B512635AFC50096D76A /* Field.swift */ = {isa = PBXFileReference; fileEncoding = 4; lastKnownFileType = sourcecode.swift; path = Field.swift; sourceTree = "<group>"; };
		FC596B522635AFC50096D76A /* Mutex.swift */ = {isa = PBXFileReference; fileEncoding = 4; lastKnownFileType = sourcecode.swift; path = Mutex.swift; sourceTree = "<group>"; };
		FC596B542635AFC50096D76A /* Scanner.swift */ = {isa = PBXFileReference; fileEncoding = 4; lastKnownFileType = sourcecode.swift; path = Scanner.swift; sourceTree = "<group>"; };
		FC596B552635AFC50096D76A /* ViewController.swift */ = {isa = PBXFileReference; fileEncoding = 4; lastKnownFileType = sourcecode.swift; path = ViewController.swift; sourceTree = "<group>"; };
		FC596B562635AFC50096D76A /* Router.swift */ = {isa = PBXFileReference; fileEncoding = 4; lastKnownFileType = sourcecode.swift; path = Router.swift; sourceTree = "<group>"; };
		FC596B572635AFC50096D76A /* SIMDExtensions.swift */ = {isa = PBXFileReference; fileEncoding = 4; lastKnownFileType = sourcecode.swift; path = SIMDExtensions.swift; sourceTree = "<group>"; };
		FC596B772635B1240096D76A /* PID.swift */ = {isa = PBXFileReference; lastKnownFileType = sourcecode.swift; path = PID.swift; sourceTree = "<group>"; };
		FC596B7F2635B1EB0096D76A /* README.md */ = {isa = PBXFileReference; lastKnownFileType = net.daringfireball.markdown; path = README.md; sourceTree = "<group>"; };
		FC596B852636F5CC0096D76A /* Geometry.swift */ = {isa = PBXFileReference; fileEncoding = 4; lastKnownFileType = sourcecode.swift; path = Geometry.swift; sourceTree = "<group>"; };
/* End PBXFileReference section */

/* Begin PBXFrameworksBuildPhase section */
		FC596B252635AEAA0096D76A /* Frameworks */ = {
			isa = PBXFrameworksBuildPhase;
			buildActionMask = 2147483647;
			files = (
				FC596B722635B0860096D76A /* SwiftMindstorms in Frameworks */,
			);
			runOnlyForDeploymentPostprocessing = 0;
		};
/* End PBXFrameworksBuildPhase section */

/* Begin PBXGroup section */
		FC596B1F2635AEAA0096D76A = {
			isa = PBXGroup;
			children = (
				FC596B7F2635B1EB0096D76A /* README.md */,
				FC596B2A2635AEAA0096D76A /* AutonomousRobot */,
				FC596B292635AEAA0096D76A /* Products */,
			);
			sourceTree = "<group>";
		};
		FC596B292635AEAA0096D76A /* Products */ = {
			isa = PBXGroup;
			children = (
				FC596B282635AEAA0096D76A /* AutonomousRobot.app */,
			);
			name = Products;
			sourceTree = "<group>";
		};
		FC596B2A2635AEAA0096D76A /* AutonomousRobot */ = {
			isa = PBXGroup;
			children = (
				FC596B7B2635B15C0096D76A /* App */,
				FC596B7C2635B1800096D76A /* Utilities */,
				FC596B7A2635B14D0096D76A /* Resources */,
				FC596B392635AEAB0096D76A /* Info.plist */,
			);
			path = AutonomousRobot;
			sourceTree = "<group>";
		};
		FC596B7A2635B14D0096D76A /* Resources */ = {
			isa = PBXGroup;
			children = (
				FC596B342635AEAB0096D76A /* Assets.xcassets */,
				FC596B362635AEAB0096D76A /* LaunchScreen.storyboard */,
			);
			path = Resources;
			sourceTree = "<group>";
		};
		FC596B7B2635B15C0096D76A /* App */ = {
			isa = PBXGroup;
			children = (
				FC596B462635AFC40096D76A /* AppDelegate.swift */,
				FC596B552635AFC50096D76A /* ViewController.swift */,
				FC596B4A2635AFC50096D76A /* Navigator.swift */,
				FC596B482635AFC40096D76A /* Controller.swift */,
				FC596B512635AFC50096D76A /* Field.swift */,
				FC596B422635AFC40096D76A /* Map.swift */,
				FC596B492635AFC40096D76A /* MapBuilder.swift */,
				FC596B502635AFC50096D76A /* Mapper.swift */,
				FC596B432635AFC40096D76A /* PathFinder.swift */,
				FC596B4C2635AFC50096D76A /* Renderer.swift */,
				FC596B562635AFC50096D76A /* Router.swift */,
				FC596B542635AFC50096D76A /* Scanner.swift */,
				FC596B4F2635AFC50096D76A /* Types.swift */,
			);
			path = App;
			sourceTree = "<group>";
		};
		FC596B7C2635B1800096D76A /* Utilities */ = {
			isa = PBXGroup;
			children = (
				FC596B4D2635AFC50096D76A /* BufferPool.swift */,
				FC596B4E2635AFC50096D76A /* FlexibleBuffer.swift */,
				FC596B4B2635AFC50096D76A /* Pool.swift */,
				FC596B572635AFC50096D76A /* SIMDExtensions.swift */,
				FC596B772635B1240096D76A /* PID.swift */,
				FC596B522635AFC50096D76A /* Mutex.swift */,
				FC596B442635AFC40096D76A /* Volume.swift */,
				FC596B852636F5CC0096D76A /* Geometry.swift */,
			);
			path = Utilities;
			sourceTree = "<group>";
		};
/* End PBXGroup section */

/* Begin PBXNativeTarget section */
		FC596B272635AEAA0096D76A /* AutonomousRobot */ = {
			isa = PBXNativeTarget;
			buildConfigurationList = FC596B3C2635AEAB0096D76A /* Build configuration list for PBXNativeTarget "AutonomousRobot" */;
			buildPhases = (
				FC596B242635AEAA0096D76A /* Sources */,
				FC596B252635AEAA0096D76A /* Frameworks */,
				FC596B262635AEAA0096D76A /* Resources */,
			);
			buildRules = (
			);
			dependencies = (
			);
			name = AutonomousRobot;
			packageProductDependencies = (
				FC596B712635B0860096D76A /* SwiftMindstorms */,
			);
			productName = AutonomousRobot;
			productReference = FC596B282635AEAA0096D76A /* AutonomousRobot.app */;
			productType = "com.apple.product-type.application";
		};
/* End PBXNativeTarget section */

/* Begin PBXProject section */
		FC596B202635AEAA0096D76A /* Project object */ = {
			isa = PBXProject;
			attributes = {
				LastSwiftUpdateCheck = 1240;
				LastUpgradeCheck = 1240;
				TargetAttributes = {
					FC596B272635AEAA0096D76A = {
						CreatedOnToolsVersion = 12.4;
						LastSwiftMigration = 1240;
					};
				};
			};
			buildConfigurationList = FC596B232635AEAA0096D76A /* Build configuration list for PBXProject "AutonomousRobot" */;
			compatibilityVersion = "Xcode 9.3";
			developmentRegion = en;
			hasScannedForEncodings = 0;
			knownRegions = (
				en,
				Base,
			);
			mainGroup = FC596B1F2635AEAA0096D76A;
			packageReferences = (
				FC596B702635B0860096D76A /* XCRemoteSwiftPackageReference "swift-mindstorms" */,
			);
			productRefGroup = FC596B292635AEAA0096D76A /* Products */;
			projectDirPath = "";
			projectRoot = "";
			targets = (
				FC596B272635AEAA0096D76A /* AutonomousRobot */,
			);
		};
/* End PBXProject section */

/* Begin PBXResourcesBuildPhase section */
		FC596B262635AEAA0096D76A /* Resources */ = {
			isa = PBXResourcesBuildPhase;
			buildActionMask = 2147483647;
			files = (
				FC596B802635B1EB0096D76A /* README.md in Resources */,
				FC596B382635AEAB0096D76A /* LaunchScreen.storyboard in Resources */,
				FC596B352635AEAB0096D76A /* Assets.xcassets in Resources */,
			);
			runOnlyForDeploymentPostprocessing = 0;
		};
/* End PBXResourcesBuildPhase section */

/* Begin PBXSourcesBuildPhase section */
		FC596B242635AEAA0096D76A /* Sources */ = {
			isa = PBXSourcesBuildPhase;
			buildActionMask = 2147483647;
			files = (
				FC596B6D2635AFC50096D76A /* Router.swift in Sources */,
				FC596B652635AFC50096D76A /* FlexibleBuffer.swift in Sources */,
				FC596B682635AFC50096D76A /* Field.swift in Sources */,
				FC596B862636F5CC0096D76A /* Geometry.swift in Sources */,
				FC596B5D2635AFC50096D76A /* AppDelegate.swift in Sources */,
				FC596B612635AFC50096D76A /* Navigator.swift in Sources */,
				FC596B662635AFC50096D76A /* Types.swift in Sources */,
				FC596B782635B1240096D76A /* PID.swift in Sources */,
				FC596B632635AFC50096D76A /* Renderer.swift in Sources */,
				FC596B592635AFC50096D76A /* Map.swift in Sources */,
				FC596B6E2635AFC50096D76A /* SIMDExtensions.swift in Sources */,
				FC596B5A2635AFC50096D76A /* PathFinder.swift in Sources */,
				FC596B602635AFC50096D76A /* MapBuilder.swift in Sources */,
				FC596B5B2635AFC50096D76A /* Volume.swift in Sources */,
				FC596B672635AFC50096D76A /* Mapper.swift in Sources */,
				FC596B5F2635AFC50096D76A /* Controller.swift in Sources */,
				FC596B622635AFC50096D76A /* Pool.swift in Sources */,
				FC596B642635AFC50096D76A /* BufferPool.swift in Sources */,
				FC596B6C2635AFC50096D76A /* ViewController.swift in Sources */,
				FC596B6B2635AFC50096D76A /* Scanner.swift in Sources */,
				FC596B692635AFC50096D76A /* Mutex.swift in Sources */,
			);
			runOnlyForDeploymentPostprocessing = 0;
		};
/* End PBXSourcesBuildPhase section */

/* Begin PBXVariantGroup section */
		FC596B362635AEAB0096D76A /* LaunchScreen.storyboard */ = {
			isa = PBXVariantGroup;
			children = (
				FC596B372635AEAB0096D76A /* Base */,
			);
			name = LaunchScreen.storyboard;
			sourceTree = "<group>";
		};
/* End PBXVariantGroup section */

/* Begin XCBuildConfiguration section */
		FC596B3A2635AEAB0096D76A /* Debug */ = {
			isa = XCBuildConfiguration;
			buildSettings = {
				ALWAYS_SEARCH_USER_PATHS = NO;
				CLANG_ANALYZER_NONNULL = YES;
				CLANG_ANALYZER_NUMBER_OBJECT_CONVERSION = YES_AGGRESSIVE;
				CLANG_CXX_LANGUAGE_STANDARD = "gnu++14";
				CLANG_CXX_LIBRARY = "libc++";
				CLANG_ENABLE_MODULES = YES;
				CLANG_ENABLE_OBJC_ARC = YES;
				CLANG_ENABLE_OBJC_WEAK = YES;
				CLANG_WARN_BLOCK_CAPTURE_AUTORELEASING = YES;
				CLANG_WARN_BOOL_CONVERSION = YES;
				CLANG_WARN_COMMA = YES;
				CLANG_WARN_CONSTANT_CONVERSION = YES;
				CLANG_WARN_DEPRECATED_OBJC_IMPLEMENTATIONS = YES;
				CLANG_WARN_DIRECT_OBJC_ISA_USAGE = YES_ERROR;
				CLANG_WARN_DOCUMENTATION_COMMENTS = YES;
				CLANG_WARN_EMPTY_BODY = YES;
				CLANG_WARN_ENUM_CONVERSION = YES;
				CLANG_WARN_INFINITE_RECURSION = YES;
				CLANG_WARN_INT_CONVERSION = YES;
				CLANG_WARN_NON_LITERAL_NULL_CONVERSION = YES;
				CLANG_WARN_OBJC_IMPLICIT_RETAIN_SELF = YES;
				CLANG_WARN_OBJC_LITERAL_CONVERSION = YES;
				CLANG_WARN_OBJC_ROOT_CLASS = YES_ERROR;
				CLANG_WARN_QUOTED_INCLUDE_IN_FRAMEWORK_HEADER = YES;
				CLANG_WARN_RANGE_LOOP_ANALYSIS = YES;
				CLANG_WARN_STRICT_PROTOTYPES = YES;
				CLANG_WARN_SUSPICIOUS_MOVE = YES;
				CLANG_WARN_UNGUARDED_AVAILABILITY = YES_AGGRESSIVE;
				CLANG_WARN_UNREACHABLE_CODE = YES;
				CLANG_WARN__DUPLICATE_METHOD_MATCH = YES;
				COPY_PHASE_STRIP = NO;
				DEBUG_INFORMATION_FORMAT = dwarf;
				ENABLE_STRICT_OBJC_MSGSEND = YES;
				ENABLE_TESTABILITY = YES;
				GCC_C_LANGUAGE_STANDARD = gnu11;
				GCC_DYNAMIC_NO_PIC = NO;
				GCC_NO_COMMON_BLOCKS = YES;
				GCC_OPTIMIZATION_LEVEL = 0;
				GCC_PREPROCESSOR_DEFINITIONS = (
					"DEBUG=1",
					"$(inherited)",
				);
				GCC_WARN_64_TO_32_BIT_CONVERSION = YES;
				GCC_WARN_ABOUT_RETURN_TYPE = YES_ERROR;
				GCC_WARN_UNDECLARED_SELECTOR = YES;
				GCC_WARN_UNINITIALIZED_AUTOS = YES_AGGRESSIVE;
				GCC_WARN_UNUSED_FUNCTION = YES;
				GCC_WARN_UNUSED_VARIABLE = YES;
				IPHONEOS_DEPLOYMENT_TARGET = 14.4;
				MTL_ENABLE_DEBUG_INFO = INCLUDE_SOURCE;
				MTL_FAST_MATH = YES;
				ONLY_ACTIVE_ARCH = YES;
				SDKROOT = iphoneos;
				SWIFT_ACTIVE_COMPILATION_CONDITIONS = DEBUG;
				SWIFT_OPTIMIZATION_LEVEL = "-Onone";
			};
			name = Debug;
		};
		FC596B3B2635AEAB0096D76A /* Release */ = {
			isa = XCBuildConfiguration;
			buildSettings = {
				ALWAYS_SEARCH_USER_PATHS = NO;
				CLANG_ANALYZER_NONNULL = YES;
				CLANG_ANALYZER_NUMBER_OBJECT_CONVERSION = YES_AGGRESSIVE;
				CLANG_CXX_LANGUAGE_STANDARD = "gnu++14";
				CLANG_CXX_LIBRARY = "libc++";
				CLANG_ENABLE_MODULES = YES;
				CLANG_ENABLE_OBJC_ARC = YES;
				CLANG_ENABLE_OBJC_WEAK = YES;
				CLANG_WARN_BLOCK_CAPTURE_AUTORELEASING = YES;
				CLANG_WARN_BOOL_CONVERSION = YES;
				CLANG_WARN_COMMA = YES;
				CLANG_WARN_CONSTANT_CONVERSION = YES;
				CLANG_WARN_DEPRECATED_OBJC_IMPLEMENTATIONS = YES;
				CLANG_WARN_DIRECT_OBJC_ISA_USAGE = YES_ERROR;
				CLANG_WARN_DOCUMENTATION_COMMENTS = YES;
				CLANG_WARN_EMPTY_BODY = YES;
				CLANG_WARN_ENUM_CONVERSION = YES;
				CLANG_WARN_INFINITE_RECURSION = YES;
				CLANG_WARN_INT_CONVERSION = YES;
				CLANG_WARN_NON_LITERAL_NULL_CONVERSION = YES;
				CLANG_WARN_OBJC_IMPLICIT_RETAIN_SELF = YES;
				CLANG_WARN_OBJC_LITERAL_CONVERSION = YES;
				CLANG_WARN_OBJC_ROOT_CLASS = YES_ERROR;
				CLANG_WARN_QUOTED_INCLUDE_IN_FRAMEWORK_HEADER = YES;
				CLANG_WARN_RANGE_LOOP_ANALYSIS = YES;
				CLANG_WARN_STRICT_PROTOTYPES = YES;
				CLANG_WARN_SUSPICIOUS_MOVE = YES;
				CLANG_WARN_UNGUARDED_AVAILABILITY = YES_AGGRESSIVE;
				CLANG_WARN_UNREACHABLE_CODE = YES;
				CLANG_WARN__DUPLICATE_METHOD_MATCH = YES;
				COPY_PHASE_STRIP = NO;
				DEBUG_INFORMATION_FORMAT = "dwarf-with-dsym";
				ENABLE_NS_ASSERTIONS = NO;
				ENABLE_STRICT_OBJC_MSGSEND = YES;
				GCC_C_LANGUAGE_STANDARD = gnu11;
				GCC_NO_COMMON_BLOCKS = YES;
				GCC_WARN_64_TO_32_BIT_CONVERSION = YES;
				GCC_WARN_ABOUT_RETURN_TYPE = YES_ERROR;
				GCC_WARN_UNDECLARED_SELECTOR = YES;
				GCC_WARN_UNINITIALIZED_AUTOS = YES_AGGRESSIVE;
				GCC_WARN_UNUSED_FUNCTION = YES;
				GCC_WARN_UNUSED_VARIABLE = YES;
				IPHONEOS_DEPLOYMENT_TARGET = 14.4;
				MTL_ENABLE_DEBUG_INFO = NO;
				MTL_FAST_MATH = YES;
				SDKROOT = iphoneos;
				SWIFT_COMPILATION_MODE = wholemodule;
				SWIFT_OPTIMIZATION_LEVEL = "-O";
				VALIDATE_PRODUCT = YES;
			};
			name = Release;
		};
		FC596B3D2635AEAB0096D76A /* Debug */ = {
			isa = XCBuildConfiguration;
			buildSettings = {
				ASSETCATALOG_COMPILER_APPICON_NAME = AppIcon;
				ASSETCATALOG_COMPILER_GLOBAL_ACCENT_COLOR_NAME = AccentColor;
				CLANG_ENABLE_MODULES = YES;
				CODE_SIGN_STYLE = Automatic;
				DEVELOPMENT_TEAM = DBK476475Y;
				INFOPLIST_FILE = AutonomousRobot/Info.plist;
				LD_RUNPATH_SEARCH_PATHS = (
					"$(inherited)",
					"@executable_path/Frameworks",
				);
				PRODUCT_BUNDLE_IDENTIFIER = za.co.codecode.AutonomousRobot;
				PRODUCT_NAME = "$(TARGET_NAME)";
				SWIFT_OPTIMIZATION_LEVEL = "-Onone";
				SWIFT_VERSION = 5.0;
				TARGETED_DEVICE_FAMILY = "1,2";
			};
			name = Debug;
		};
		FC596B3E2635AEAB0096D76A /* Release */ = {
			isa = XCBuildConfiguration;
			buildSettings = {
				ASSETCATALOG_COMPILER_APPICON_NAME = AppIcon;
				ASSETCATALOG_COMPILER_GLOBAL_ACCENT_COLOR_NAME = AccentColor;
				CLANG_ENABLE_MODULES = YES;
				CODE_SIGN_STYLE = Automatic;
				DEVELOPMENT_TEAM = DBK476475Y;
				INFOPLIST_FILE = AutonomousRobot/Info.plist;
				LD_RUNPATH_SEARCH_PATHS = (
					"$(inherited)",
					"@executable_path/Frameworks",
				);
				PRODUCT_BUNDLE_IDENTIFIER = za.co.codecode.AutonomousRobot;
				PRODUCT_NAME = "$(TARGET_NAME)";
				SWIFT_VERSION = 5.0;
				TARGETED_DEVICE_FAMILY = "1,2";
			};
			name = Release;
		};
/* End XCBuildConfiguration section */

/* Begin XCConfigurationList section */
		FC596B232635AEAA0096D76A /* Build configuration list for PBXProject "AutonomousRobot" */ = {
			isa = XCConfigurationList;
			buildConfigurations = (
				FC596B3A2635AEAB0096D76A /* Debug */,
				FC596B3B2635AEAB0096D76A /* Release */,
			);
			defaultConfigurationIsVisible = 0;
			defaultConfigurationName = Release;
		};
		FC596B3C2635AEAB0096D76A /* Build configuration list for PBXNativeTarget "AutonomousRobot" */ = {
			isa = XCConfigurationList;
			buildConfigurations = (
				FC596B3D2635AEAB0096D76A /* Debug */,
				FC596B3E2635AEAB0096D76A /* Release */,
			);
			defaultConfigurationIsVisible = 0;
			defaultConfigurationName = Release;
		};
/* End XCConfigurationList section */

/* Begin XCRemoteSwiftPackageReference section */
		FC596B702635B0860096D76A /* XCRemoteSwiftPackageReference "swift-mindstorms" */ = {
			isa = XCRemoteSwiftPackageReference;
			repositoryURL = "https://github.com/lukevanin/swift-mindstorms.git";
			requirement = {
				branch = main;
				kind = branch;
			};
		};
/* End XCRemoteSwiftPackageReference section */

/* Begin XCSwiftPackageProductDependency section */
		FC596B712635B0860096D76A /* SwiftMindstorms */ = {
			isa = XCSwiftPackageProductDependency;
			package = FC596B702635B0860096D76A /* XCRemoteSwiftPackageReference "swift-mindstorms" */;
			productName = SwiftMindstorms;
		};
/* End XCSwiftPackageProductDependency section */
	};
	rootObject = FC596B202635AEAA0096D76A /* Project object */;
}
